Microsoft Visual Studio Solution File, Format Version 12.00
# Visual Studio Version 17
VisualStudioVersion = 17.5.2.0
MinimumVisualStudioVersion = 10.0.40219.1
Project("{2150E333-8FDC-42A3-9474-1A3956D46DE8}") = "src", "src", "{827E0CD3-B72D-47B6-A68D-7590B98EB39B}"
EndProject
Project("{FAE04EC0-301F-11D3-BF4B-00C04F79EFBC}") = "Nncase.Compiler", "src\Nncase.Compiler\Nncase.Compiler.csproj", "{B896E19C-45D4-646B-79F8-547BE85120F5}"
EndProject
Project("{FAE04EC0-301F-11D3-BF4B-00C04F79EFBC}") = "Nncase.Core", "src\Nncase.Core\Nncase.Core.csproj", "{07F343FC-947A-4371-8CB5-0679F3AEF011}"
EndProject
Project("{FAE04EC0-301F-11D3-BF4B-00C04F79EFBC}") = "Nncase.Evaluator", "src\Nncase.Evaluator\Nncase.Evaluator.csproj", "{F378CFEC-7B64-47D3-B394-41FE020F0432}"
EndProject
Project("{FAE04EC0-301F-11D3-BF4B-00C04F79EFBC}") = "Nncase.Diagnostics", "src\Nncase.Diagnostics\Nncase.Diagnostics.csproj", "{069D2F77-40CA-4C29-A93A-F9387AE250A7}"
EndProject
Project("{FAE04EC0-301F-11D3-BF4B-00C04F79EFBC}") = "Nncase.CodeGen", "src\Nncase.CodeGen\Nncase.CodeGen.csproj", "{39539577-BD33-4C95-AA34-40F9E103A4D9}"
EndProject
Project("{FAE04EC0-301F-11D3-BF4B-00C04F79EFBC}") = "Nncase.Graph", "src\Nncase.Graph\Nncase.Graph.csproj", "{CCDE9CD1-FD00-49F5-9101-6590AD0DD46A}"
EndProject
Project("{FAE04EC0-301F-11D3-BF4B-00C04F79EFBC}") = "Nncase.EGraph", "src\Nncase.EGraph\Nncase.EGraph.csproj", "{D5B2DF58-D393-47F9-A182-1B60E3F321AD}"
EndProject
Project("{FAE04EC0-301F-11D3-BF4B-00C04F79EFBC}") = "Nncase.Simulator", "src\Nncase.Simulator\Nncase.Simulator.csproj", "{67B7E165-49F1-4DED-971B-E838C823FEC6}"
EndProject
Project("{FAE04EC0-301F-11D3-BF4B-00C04F79EFBC}") = "Nncase.Passes", "src\Nncase.Passes\Nncase.Passes.csproj", "{87C2A4B9-CEDA-4B9F-84DB-8C2768D54F5D}"
EndProject
Project("{2150E333-8FDC-42A3-9474-1A3956D46DE8}") = "modules", "modules", "{75B85F34-1F75-4337-965E-43DFC5FB2663}"
EndProject
Project("{FAE04EC0-301F-11D3-BF4B-00C04F79EFBC}") = "Nncase.Modules.NTT", "src\modules\Nncase.Modules.NTT\Nncase.Modules.NTT.csproj", "{D29D1573-32A1-41EB-A98A-5963E6C4BBDE}"
EndProject
Project("{FAE04EC0-301F-11D3-BF4B-00C04F79EFBC}") = "Nncase.Schedule", "src\Nncase.Schedule\Nncase.Schedule.csproj", "{4C4C1EE4-F572-4C25-859B-BDA72D28AE30}"
EndProject
Project("{FAE04EC0-301F-11D3-BF4B-00C04F79EFBC}") = "Nncase.Targets", "src\Nncase.Targets\Nncase.Targets.csproj", "{9D77E202-4822-4096-9FFC-CF0AF4777141}"
EndProject
Project("{FAE04EC0-301F-11D3-BF4B-00C04F79EFBC}") = "Nncase.IO", "src\Nncase.IO\Nncase.IO.csproj", "{1B162CCE-51A8-4541-836B-B0918AF1B6F2}"
EndProject
Project("{FAE04EC0-301F-11D3-BF4B-00C04F79EFBC}") = "Nncase.Tests.TestFixture", "src\Nncase.Tests.TestFixture\Nncase.Tests.TestFixture.csproj", "{7956AA4E-05B5-43A0-9E6D-6C5ECCC904FD}"
EndProject
Project("{FAE04EC0-301F-11D3-BF4B-00C04F79EFBC}") = "Nncase.Tests", "src\Nncase.Tests\Nncase.Tests.csproj", "{11B5EA9D-FA19-4B6B-A068-C9ABB65ED309}"
EndProject
Project("{FAE04EC0-301F-11D3-BF4B-00C04F79EFBC}") = "Nncase.Importer", "src\Nncase.Importer\Nncase.Importer.csproj", "{7BBE1A97-77BD-4F33-99D2-EE0CCE559055}"
EndProject
Project("{FAE04EC0-301F-11D3-BF4B-00C04F79EFBC}") = "Nncase.Quantization", "src\Nncase.Quantization\Nncase.Quantization.csproj", "{1CCF3A95-61C5-47F7-A3B6-5ADFEE7AEB34}"
EndProject
Project("{2150E333-8FDC-42A3-9474-1A3956D46DE8}") = "third_party", "third_party", "{1F4EA275-757D-4B98-B2C9-E1708C0BE1FF}"
EndProject
Project("{FAE04EC0-301F-11D3-BF4B-00C04F79EFBC}") = "Onnx.Protobuf", "third_party\onnx\Onnx.Protobuf.csproj", "{24341EAD-5407-4AD3-B12B-1098595B3BBB}"
EndProject
Project("{FAE04EC0-301F-11D3-BF4B-00C04F79EFBC}") = "TFLite.Schema", "third_party\tflite\TFLite.Schema.csproj", "{C911F60F-139E-4BDF-87E6-3304171BD99E}"
EndProject
Global
	GlobalSection(SolutionConfigurationPlatforms) = preSolution
		Debug|Any CPU = Debug|Any CPU
		Release|Any CPU = Release|Any CPU
	EndGlobalSection
	GlobalSection(ProjectConfigurationPlatforms) = postSolution
		{B896E19C-45D4-646B-79F8-547BE85120F5}.Debug|Any CPU.ActiveCfg = Debug|Any CPU
		{B896E19C-45D4-646B-79F8-547BE85120F5}.Debug|Any CPU.Build.0 = Debug|Any CPU
		{B896E19C-45D4-646B-79F8-547BE85120F5}.Release|Any CPU.ActiveCfg = Release|Any CPU
		{B896E19C-45D4-646B-79F8-547BE85120F5}.Release|Any CPU.Build.0 = Release|Any CPU
		{07F343FC-947A-4371-8CB5-0679F3AEF011}.Debug|Any CPU.ActiveCfg = Debug|Any CPU
		{07F343FC-947A-4371-8CB5-0679F3AEF011}.Debug|Any CPU.Build.0 = Debug|Any CPU
		{07F343FC-947A-4371-8CB5-0679F3AEF011}.Release|Any CPU.ActiveCfg = Release|Any CPU
		{07F343FC-947A-4371-8CB5-0679F3AEF011}.Release|Any CPU.Build.0 = Release|Any CPU
		{F378CFEC-7B64-47D3-B394-41FE020F0432}.Debug|Any CPU.ActiveCfg = Debug|Any CPU
		{F378CFEC-7B64-47D3-B394-41FE020F0432}.Debug|Any CPU.Build.0 = Debug|Any CPU
		{F378CFEC-7B64-47D3-B394-41FE020F0432}.Release|Any CPU.ActiveCfg = Release|Any CPU
		{F378CFEC-7B64-47D3-B394-41FE020F0432}.Release|Any CPU.Build.0 = Release|Any CPU
		{069D2F77-40CA-4C29-A93A-F9387AE250A7}.Debug|Any CPU.ActiveCfg = Debug|Any CPU
		{069D2F77-40CA-4C29-A93A-F9387AE250A7}.Debug|Any CPU.Build.0 = Debug|Any CPU
		{069D2F77-40CA-4C29-A93A-F9387AE250A7}.Release|Any CPU.ActiveCfg = Release|Any CPU
		{069D2F77-40CA-4C29-A93A-F9387AE250A7}.Release|Any CPU.Build.0 = Release|Any CPU
		{39539577-BD33-4C95-AA34-40F9E103A4D9}.Debug|Any CPU.ActiveCfg = Debug|Any CPU
		{39539577-BD33-4C95-AA34-40F9E103A4D9}.Debug|Any CPU.Build.0 = Debug|Any CPU
		{39539577-BD33-4C95-AA34-40F9E103A4D9}.Release|Any CPU.ActiveCfg = Release|Any CPU
		{39539577-BD33-4C95-AA34-40F9E103A4D9}.Release|Any CPU.Build.0 = Release|Any CPU
		{CCDE9CD1-FD00-49F5-9101-6590AD0DD46A}.Debug|Any CPU.ActiveCfg = Debug|Any CPU
		{CCDE9CD1-FD00-49F5-9101-6590AD0DD46A}.Debug|Any CPU.Build.0 = Debug|Any CPU
		{CCDE9CD1-FD00-49F5-9101-6590AD0DD46A}.Release|Any CPU.ActiveCfg = Release|Any CPU
		{CCDE9CD1-FD00-49F5-9101-6590AD0DD46A}.Release|Any CPU.Build.0 = Release|Any CPU
		{D5B2DF58-D393-47F9-A182-1B60E3F321AD}.Debug|Any CPU.ActiveCfg = Debug|Any CPU
		{D5B2DF58-D393-47F9-A182-1B60E3F321AD}.Debug|Any CPU.Build.0 = Debug|Any CPU
		{D5B2DF58-D393-47F9-A182-1B60E3F321AD}.Release|Any CPU.ActiveCfg = Release|Any CPU
		{D5B2DF58-D393-47F9-A182-1B60E3F321AD}.Release|Any CPU.Build.0 = Release|Any CPU
		{67B7E165-49F1-4DED-971B-E838C823FEC6}.Debug|Any CPU.ActiveCfg = Debug|Any CPU
		{67B7E165-49F1-4DED-971B-E838C823FEC6}.Debug|Any CPU.Build.0 = Debug|Any CPU
		{67B7E165-49F1-4DED-971B-E838C823FEC6}.Release|Any CPU.ActiveCfg = Release|Any CPU
		{67B7E165-49F1-4DED-971B-E838C823FEC6}.Release|Any CPU.Build.0 = Release|Any CPU
		{87C2A4B9-CEDA-4B9F-84DB-8C2768D54F5D}.Debug|Any CPU.ActiveCfg = Debug|Any CPU
		{87C2A4B9-CEDA-4B9F-84DB-8C2768D54F5D}.Debug|Any CPU.Build.0 = Debug|Any CPU
		{87C2A4B9-CEDA-4B9F-84DB-8C2768D54F5D}.Release|Any CPU.ActiveCfg = Release|Any CPU
		{87C2A4B9-CEDA-4B9F-84DB-8C2768D54F5D}.Release|Any CPU.Build.0 = Release|Any CPU
		{D29D1573-32A1-41EB-A98A-5963E6C4BBDE}.Debug|Any CPU.ActiveCfg = Debug|Any CPU
		{D29D1573-32A1-41EB-A98A-5963E6C4BBDE}.Debug|Any CPU.Build.0 = Debug|Any CPU
		{D29D1573-32A1-41EB-A98A-5963E6C4BBDE}.Release|Any CPU.ActiveCfg = Release|Any CPU
		{D29D1573-32A1-41EB-A98A-5963E6C4BBDE}.Release|Any CPU.Build.0 = Release|Any CPU
		{4C4C1EE4-F572-4C25-859B-BDA72D28AE30}.Debug|Any CPU.ActiveCfg = Debug|Any CPU
		{4C4C1EE4-F572-4C25-859B-BDA72D28AE30}.Debug|Any CPU.Build.0 = Debug|Any CPU
		{4C4C1EE4-F572-4C25-859B-BDA72D28AE30}.Release|Any CPU.ActiveCfg = Release|Any CPU
		{4C4C1EE4-F572-4C25-859B-BDA72D28AE30}.Release|Any CPU.Build.0 = Release|Any CPU
		{9D77E202-4822-4096-9FFC-CF0AF4777141}.Debug|Any CPU.ActiveCfg = Debug|Any CPU
		{9D77E202-4822-4096-9FFC-CF0AF4777141}.Debug|Any CPU.Build.0 = Debug|Any CPU
		{9D77E202-4822-4096-9FFC-CF0AF4777141}.Release|Any CPU.ActiveCfg = Release|Any CPU
		{9D77E202-4822-4096-9FFC-CF0AF4777141}.Release|Any CPU.Build.0 = Release|Any CPU
		{1B162CCE-51A8-4541-836B-B0918AF1B6F2}.Debug|Any CPU.ActiveCfg = Debug|Any CPU
		{1B162CCE-51A8-4541-836B-B0918AF1B6F2}.Debug|Any CPU.Build.0 = Debug|Any CPU
		{1B162CCE-51A8-4541-836B-B0918AF1B6F2}.Release|Any CPU.ActiveCfg = Release|Any CPU
		{1B162CCE-51A8-4541-836B-B0918AF1B6F2}.Release|Any CPU.Build.0 = Release|Any CPU
		{7956AA4E-05B5-43A0-9E6D-6C5ECCC904FD}.Debug|Any CPU.ActiveCfg = Debug|Any CPU
		{7956AA4E-05B5-43A0-9E6D-6C5ECCC904FD}.Debug|Any CPU.Build.0 = Debug|Any CPU
		{7956AA4E-05B5-43A0-9E6D-6C5ECCC904FD}.Release|Any CPU.ActiveCfg = Release|Any CPU
		{7956AA4E-05B5-43A0-9E6D-6C5ECCC904FD}.Release|Any CPU.Build.0 = Release|Any CPU
		{11B5EA9D-FA19-4B6B-A068-C9ABB65ED309}.Debug|Any CPU.ActiveCfg = Debug|Any CPU
		{11B5EA9D-FA19-4B6B-A068-C9ABB65ED309}.Debug|Any CPU.Build.0 = Debug|Any CPU
		{11B5EA9D-FA19-4B6B-A068-C9ABB65ED309}.Release|Any CPU.ActiveCfg = Release|Any CPU
		{11B5EA9D-FA19-4B6B-A068-C9ABB65ED309}.Release|Any CPU.Build.0 = Release|Any CPU
		{7BBE1A97-77BD-4F33-99D2-EE0CCE559055}.Debug|Any CPU.ActiveCfg = Debug|Any CPU
		{7BBE1A97-77BD-4F33-99D2-EE0CCE559055}.Debug|Any CPU.Build.0 = Debug|Any CPU
		{7BBE1A97-77BD-4F33-99D2-EE0CCE559055}.Release|Any CPU.ActiveCfg = Release|Any CPU
		{7BBE1A97-77BD-4F33-99D2-EE0CCE559055}.Release|Any CPU.Build.0 = Release|Any CPU
		{1CCF3A95-61C5-47F7-A3B6-5ADFEE7AEB34}.Debug|Any CPU.ActiveCfg = Debug|Any CPU
		{1CCF3A95-61C5-47F7-A3B6-5ADFEE7AEB34}.Debug|Any CPU.Build.0 = Debug|Any CPU
		{1CCF3A95-61C5-47F7-A3B6-5ADFEE7AEB34}.Release|Any CPU.ActiveCfg = Release|Any CPU
		{1CCF3A95-61C5-47F7-A3B6-5ADFEE7AEB34}.Release|Any CPU.Build.0 = Release|Any CPU
		{24341EAD-5407-4AD3-B12B-1098595B3BBB}.Debug|Any CPU.ActiveCfg = Debug|Any CPU
		{24341EAD-5407-4AD3-B12B-1098595B3BBB}.Debug|Any CPU.Build.0 = Debug|Any CPU
		{24341EAD-5407-4AD3-B12B-1098595B3BBB}.Release|Any CPU.ActiveCfg = Release|Any CPU
		{24341EAD-5407-4AD3-B12B-1098595B3BBB}.Release|Any CPU.Build.0 = Release|Any CPU
		{C911F60F-139E-4BDF-87E6-3304171BD99E}.Debug|Any CPU.ActiveCfg = Debug|Any CPU
		{C911F60F-139E-4BDF-87E6-3304171BD99E}.Debug|Any CPU.Build.0 = Debug|Any CPU
		{C911F60F-139E-4BDF-87E6-3304171BD99E}.Release|Any CPU.ActiveCfg = Release|Any CPU
		{C911F60F-139E-4BDF-87E6-3304171BD99E}.Release|Any CPU.Build.0 = Release|Any CPU
	EndGlobalSection
	GlobalSection(SolutionProperties) = preSolution
		HideSolutionNode = FALSE
	EndGlobalSection
	GlobalSection(NestedProjects) = preSolution
		{B896E19C-45D4-646B-79F8-547BE85120F5} = {827E0CD3-B72D-47B6-A68D-7590B98EB39B}
		{07F343FC-947A-4371-8CB5-0679F3AEF011} = {827E0CD3-B72D-47B6-A68D-7590B98EB39B}
		{F378CFEC-7B64-47D3-B394-41FE020F0432} = {827E0CD3-B72D-47B6-A68D-7590B98EB39B}
		{069D2F77-40CA-4C29-A93A-F9387AE250A7} = {827E0CD3-B72D-47B6-A68D-7590B98EB39B}
		{39539577-BD33-4C95-AA34-40F9E103A4D9} = {827E0CD3-B72D-47B6-A68D-7590B98EB39B}
		{CCDE9CD1-FD00-49F5-9101-6590AD0DD46A} = {827E0CD3-B72D-47B6-A68D-7590B98EB39B}
		{D5B2DF58-D393-47F9-A182-1B60E3F321AD} = {827E0CD3-B72D-47B6-A68D-7590B98EB39B}
		{67B7E165-49F1-4DED-971B-E838C823FEC6} = {827E0CD3-B72D-47B6-A68D-7590B98EB39B}
		{87C2A4B9-CEDA-4B9F-84DB-8C2768D54F5D} = {827E0CD3-B72D-47B6-A68D-7590B98EB39B}
		{75B85F34-1F75-4337-965E-43DFC5FB2663} = {827E0CD3-B72D-47B6-A68D-7590B98EB39B}
		{D29D1573-32A1-41EB-A98A-5963E6C4BBDE} = {75B85F34-1F75-4337-965E-43DFC5FB2663}
		{4C4C1EE4-F572-4C25-859B-BDA72D28AE30} = {827E0CD3-B72D-47B6-A68D-7590B98EB39B}
		{9D77E202-4822-4096-9FFC-CF0AF4777141} = {827E0CD3-B72D-47B6-A68D-7590B98EB39B}
		{1B162CCE-51A8-4541-836B-B0918AF1B6F2} = {827E0CD3-B72D-47B6-A68D-7590B98EB39B}
		{7956AA4E-05B5-43A0-9E6D-6C5ECCC904FD} = {827E0CD3-B72D-47B6-A68D-7590B98EB39B}
		{11B5EA9D-FA19-4B6B-A068-C9ABB65ED309} = {827E0CD3-B72D-47B6-A68D-7590B98EB39B}
		{7BBE1A97-77BD-4F33-99D2-EE0CCE559055} = {827E0CD3-B72D-47B6-A68D-7590B98EB39B}
		{1CCF3A95-61C5-47F7-A3B6-5ADFEE7AEB34} = {827E0CD3-B72D-47B6-A68D-7590B98EB39B}
		{24341EAD-5407-4AD3-B12B-1098595B3BBB} = {1F4EA275-757D-4B98-B2C9-E1708C0BE1FF}
		{C911F60F-139E-4BDF-87E6-3304171BD99E} = {1F4EA275-757D-4B98-B2C9-E1708C0BE1FF}
	EndGlobalSection
	GlobalSection(ExtensibilityGlobals) = postSolution
		SolutionGuid = {49AD9400-A554-40C7-B4A1-69CB1C8ECA11}
	EndGlobalSection
EndGlobal
